
Microsoft Visual Studio Solution File, Format Version 12.00
# Visual Studio 15
VisualStudioVersion = 15.0.26430.14
MinimumVisualStudioVersion = 10.0.40219.1
Project("{9A19103F-16F7-4668-BE54-9A1E7A4F7556}") = "EmpathyAPI", "EmpathyAPI\EmpathyAPI.csproj", "{DAA9A73B-DA3B-4371-8DF4-C16D24BD619A}"
EndProject
Project("{9A19103F-16F7-4668-BE54-9A1E7A4F7556}") = "EmpathyAPI.Core", "EmpathyAPI.Core\EmpathyAPI.Core.csproj", "{9B8352C5-9BC8-4882-B944-80A98AF54502}"
EndProject
Global
	GlobalSection(SolutionConfigurationPlatforms) = preSolution
		Debug|Any CPU = Debug|Any CPU
		Release|Any CPU = Release|Any CPU
	EndGlobalSection
	GlobalSection(ProjectConfigurationPlatforms) = postSolution
		{DAA9A73B-DA3B-4371-8DF4-C16D24BD619A}.Debug|Any CPU.ActiveCfg = Debug|Any CPU
		{DAA9A73B-DA3B-4371-8DF4-C16D24BD619A}.Debug|Any CPU.Build.0 = Debug|Any CPU
		{DAA9A73B-DA3B-4371-8DF4-C16D24BD619A}.Release|Any CPU.ActiveCfg = Release|Any CPU
		{DAA9A73B-DA3B-4371-8DF4-C16D24BD619A}.Release|Any CPU.Build.0 = Release|Any CPU
		{9B8352C5-9BC8-4882-B944-80A98AF54502}.Debug|Any CPU.ActiveCfg = Debug|Any CPU
		{9B8352C5-9BC8-4882-B944-80A98AF54502}.Debug|Any CPU.Build.0 = Debug|Any CPU
		{9B8352C5-9BC8-4882-B944-80A98AF54502}.Release|Any CPU.ActiveCfg = Release|Any CPU
		{9B8352C5-9BC8-4882-B944-80A98AF54502}.Release|Any CPU.Build.0 = Release|Any CPU
	EndGlobalSection
	GlobalSection(SolutionProperties) = preSolution
		HideSolutionNode = FALSE
	EndGlobalSection
EndGlobal
